
Microsoft Visual Studio Solution File, Format Version 12.00
# Visual Studio Version 17
VisualStudioVersion = 17.0.31903.59
MinimumVisualStudioVersion = 10.0.40219.1
Project("{FAE04EC0-301F-11D3-BF4B-00C04F79EFBC}") = "API", "API\API.csproj", "{56A4D6FD-3947-4647-AE07-243CBA969214}"
EndProject
Global
	GlobalSection(SolutionConfigurationPlatforms) = preSolution
		Debug|Any CPU = Debug|Any CPU
		Release|Any CPU = Release|Any CPU
	EndGlobalSection
	GlobalSection(SolutionProperties) = preSolution
		HideSolutionNode = FALSE
	EndGlobalSection
	GlobalSection(ProjectConfigurationPlatforms) = postSolution
		{56A4D6FD-3947-4647-AE07-243CBA969214}.Debug|Any CPU.ActiveCfg = Debug|Any CPU
		{56A4D6FD-3947-4647-AE07-243CBA969214}.Debug|Any CPU.Build.0 = Debug|Any CPU
		{56A4D6FD-3947-4647-AE07-243CBA969214}.Release|Any CPU.ActiveCfg = Release|Any CPU
		{56A4D6FD-3947-4647-AE07-243CBA969214}.Release|Any CPU.Build.0 = Release|Any CPU
		{1B252F6C-1CC5-4388-B395-7F38CF44D18F}.Debug|Any CPU.ActiveCfg = Debug|Any CPU
		{1B252F6C-1CC5-4388-B395-7F38CF44D18F}.Debug|Any CPU.Build.0 = Debug|Any CPU
		{1B252F6C-1CC5-4388-B395-7F38CF44D18F}.Release|Any CPU.ActiveCfg = Release|Any CPU
		{1B252F6C-1CC5-4388-B395-7F38CF44D18F}.Release|Any CPU.Build.0 = Release|Any CPU
		{24E031A6-67A4-46AE-8711-519375E0BC64}.Debug|Any CPU.ActiveCfg = Debug|Any CPU
		{24E031A6-67A4-46AE-8711-519375E0BC64}.Debug|Any CPU.Build.0 = Debug|Any CPU
		{24E031A6-67A4-46AE-8711-519375E0BC64}.Release|Any CPU.ActiveCfg = Release|Any CPU
		{24E031A6-67A4-46AE-8711-519375E0BC64}.Release|Any CPU.Build.0 = Release|Any CPU
	EndGlobalSection
EndGlobal
